
Microsoft Visual Studio Solution File, Format Version 11.00
# Visual Studio 2010
# SharpDevelop 4.4
Project("{FAE04EC0-301F-11D3-BF4B-00C04F79EFBC}") = "baithicuoiki", "baithicuoiki\baithicuoiki.csproj", "{2970BA4A-1F8F-4DA3-8FAF-C333AE8C023B}"
EndProject
Global
	GlobalSection(SolutionConfigurationPlatforms) = preSolution
		Debug|Any CPU = Debug|Any CPU
		Release|Any CPU = Release|Any CPU
	EndGlobalSection
	GlobalSection(ProjectConfigurationPlatforms) = postSolution
		{2970BA4A-1F8F-4DA3-8FAF-C333AE8C023B}.Debug|Any CPU.Build.0 = Debug|Any CPU
		{2970BA4A-1F8F-4DA3-8FAF-C333AE8C023B}.Debug|Any CPU.ActiveCfg = Debug|Any CPU
		{2970BA4A-1F8F-4DA3-8FAF-C333AE8C023B}.Release|Any CPU.Build.0 = Release|Any CPU
		{2970BA4A-1F8F-4DA3-8FAF-C333AE8C023B}.Release|Any CPU.ActiveCfg = Release|Any CPU
	EndGlobalSection
EndGlobal
